// !$*UTF8*$!
{
	archiveVersion = 1;
	classes = {
	};
	objectVersion = 46;
	objects = {

/* Begin PBXBuildFile section */
		217DBEF21F4D49A3009FFFFB /* main.m in Sources */ = {isa = PBXBuildFile; fileRef = 217DBEF11F4D49A3009FFFFB /* main.m */; };
		217DBEF51F4D49A3009FFFFB /* AppDelegate.m in Sources */ = {isa = PBXBuildFile; fileRef = 217DBEF41F4D49A3009FFFFB /* AppDelegate.m */; };
		217DBEF81F4D49A3009FFFFB /* ViewController.m in Sources */ = {isa = PBXBuildFile; fileRef = 217DBEF71F4D49A3009FFFFB /* ViewController.m */; };
		217DBEFB1F4D49A3009FFFFB /* Main.storyboard in Resources */ = {isa = PBXBuildFile; fileRef = 217DBEF91F4D49A3009FFFFB /* Main.storyboard */; };
		217DBEFD1F4D49A3009FFFFB /* Assets.xcassets in Resources */ = {isa = PBXBuildFile; fileRef = 217DBEFC1F4D49A3009FFFFB /* Assets.xcassets */; };
		217DBF001F4D49A3009FFFFB /* LaunchScreen.storyboard in Resources */ = {isa = PBXBuildFile; fileRef = 217DBEFE1F4D49A3009FFFFB /* LaunchScreen.storyboard */; };
		3226D22C329D497CD2D42ED8 /* libPods-HiFootball2017.a in Frameworks */ = {isa = PBXBuildFile; fileRef = 2CF69CB2C3682645A45AAF3B /* libPods-HiFootball2017.a */; };
/* End PBXBuildFile section */

/* Begin PBXFileReference section */
		1C366BE28CB16A119E14D70C /* Pods-HiFootball2017.release.xcconfig */ = {isa = PBXFileReference; includeInIndex = 1; lastKnownFileType = text.xcconfig; name = "Pods-HiFootball2017.release.xcconfig"; path = "Pods/Target Support Files/Pods-HiFootball2017/Pods-HiFootball2017.release.xcconfig"; sourceTree = "<group>"; };
		217DBEED1F4D49A3009FFFFB /* HiFootball2017.app */ = {isa = PBXFileReference; explicitFileType = wrapper.application; includeInIndex = 0; path = HiFootball2017.app; sourceTree = BUILT_PRODUCTS_DIR; };
		217DBEF11F4D49A3009FFFFB /* main.m */ = {isa = PBXFileReference; lastKnownFileType = sourcecode.c.objc; path = main.m; sourceTree = "<group>"; };
		217DBEF31F4D49A3009FFFFB /* AppDelegate.h */ = {isa = PBXFileReference; lastKnownFileType = sourcecode.c.h; path = AppDelegate.h; sourceTree = "<group>"; };
		217DBEF41F4D49A3009FFFFB /* AppDelegate.m */ = {isa = PBXFileReference; lastKnownFileType = sourcecode.c.objc; path = AppDelegate.m; sourceTree = "<group>"; };
		217DBEF61F4D49A3009FFFFB /* ViewController.h */ = {isa = PBXFileReference; lastKnownFileType = sourcecode.c.h; path = ViewController.h; sourceTree = "<group>"; };
		217DBEF71F4D49A3009FFFFB /* ViewController.m */ = {isa = PBXFileReference; lastKnownFileType = sourcecode.c.objc; path = ViewController.m; sourceTree = "<group>"; };
		217DBEFA1F4D49A3009FFFFB /* Base */ = {isa = PBXFileReference; lastKnownFileType = file.storyboard; name = Base; path = Base.lproj/Main.storyboard; sourceTree = "<group>"; };
		217DBEFC1F4D49A3009FFFFB /* Assets.xcassets */ = {isa = PBXFileReference; lastKnownFileType = folder.assetcatalog; path = Assets.xcassets; sourceTree = "<group>"; };
		217DBEFF1F4D49A3009FFFFB /* Base */ = {isa = PBXFileReference; lastKnownFileType = file.storyboard; name = Base; path = Base.lproj/LaunchScreen.storyboard; sourceTree = "<group>"; };
		217DBF011F4D49A3009FFFFB /* Info.plist */ = {isa = PBXFileReference; lastKnownFileType = text.plist.xml; path = Info.plist; sourceTree = "<group>"; };
		2CF69CB2C3682645A45AAF3B /* libPods-HiFootball2017.a */ = {isa = PBXFileReference; explicitFileType = archive.ar; includeInIndex = 0; path = "libPods-HiFootball2017.a"; sourceTree = BUILT_PRODUCTS_DIR; };
		EF4B554669F2792473FF91DF /* Pods-HiFootball2017.debug.xcconfig */ = {isa = PBXFileReference; includeInIndex = 1; lastKnownFileType = text.xcconfig; name = "Pods-HiFootball2017.debug.xcconfig"; path = "Pods/Target Support Files/Pods-HiFootball2017/Pods-HiFootball2017.debug.xcconfig"; sourceTree = "<group>"; };
/* End PBXFileReference section */

/* Begin PBXFrameworksBuildPhase section */
		217DBEEA1F4D49A3009FFFFB /* Frameworks */ = {
			isa = PBXFrameworksBuildPhase;
			buildActionMask = 2147483647;
			files = (
				3226D22C329D497CD2D42ED8 /* libPods-HiFootball2017.a in Frameworks */,
			);
			runOnlyForDeploymentPostprocessing = 0;
		};
/* End PBXFrameworksBuildPhase section */

/* Begin PBXGroup section */
		217DBEE41F4D49A3009FFFFB = {
			isa = PBXGroup;
			children = (
				217DBEEF1F4D49A3009FFFFB /* HiFootball2017 */,
				217DBEEE1F4D49A3009FFFFB /* Products */,
				47342C2681D47CD7EC6DBC5D /* Pods */,
				AD8D0D59778CEAFD50C0B158 /* Frameworks */,
			);
			sourceTree = "<group>";
		};
		217DBEEE1F4D49A3009FFFFB /* Products */ = {
			isa = PBXGroup;
			children = (
				217DBEED1F4D49A3009FFFFB /* HiFootball2017.app */,
			);
			name = Products;
			sourceTree = "<group>";
		};
		217DBEEF1F4D49A3009FFFFB /* HiFootball2017 */ = {
			isa = PBXGroup;
			children = (
				217DBEF31F4D49A3009FFFFB /* AppDelegate.h */,
				217DBEF41F4D49A3009FFFFB /* AppDelegate.m */,
				217DBEF61F4D49A3009FFFFB /* ViewController.h */,
				217DBEF71F4D49A3009FFFFB /* ViewController.m */,
				217DBEF91F4D49A3009FFFFB /* Main.storyboard */,
				217DBEFC1F4D49A3009FFFFB /* Assets.xcassets */,
				217DBEFE1F4D49A3009FFFFB /* LaunchScreen.storyboard */,
				217DBF011F4D49A3009FFFFB /* Info.plist */,
				217DBEF01F4D49A3009FFFFB /* Supporting Files */,
			);
			path = HiFootball2017;
			sourceTree = "<group>";
		};
		217DBEF01F4D49A3009FFFFB /* Supporting Files */ = {
			isa = PBXGroup;
			children = (
				217DBEF11F4D49A3009FFFFB /* main.m */,
			);
			name = "Supporting Files";
			sourceTree = "<group>";
		};
		47342C2681D47CD7EC6DBC5D /* Pods */ = {
			isa = PBXGroup;
			children = (
				EF4B554669F2792473FF91DF /* Pods-HiFootball2017.debug.xcconfig */,
				1C366BE28CB16A119E14D70C /* Pods-HiFootball2017.release.xcconfig */,
			);
			name = Pods;
			sourceTree = "<group>";
		};
		AD8D0D59778CEAFD50C0B158 /* Frameworks */ = {
			isa = PBXGroup;
			children = (
				2CF69CB2C3682645A45AAF3B /* libPods-HiFootball2017.a */,
			);
			name = Frameworks;
			sourceTree = "<group>";
		};
/* End PBXGroup section */

/* Begin PBXNativeTarget section */
		217DBEEC1F4D49A3009FFFFB /* HiFootball2017 */ = {
			isa = PBXNativeTarget;
			buildConfigurationList = 217DBF041F4D49A3009FFFFB /* Build configuration list for PBXNativeTarget "HiFootball2017" */;
			buildPhases = (
				A6B60651ABD1A59B6D4E6F71 /* [CP] Check Pods Manifest.lock */,
				217DBEE91F4D49A3009FFFFB /* Sources */,
				217DBEEA1F4D49A3009FFFFB /* Frameworks */,
				217DBEEB1F4D49A3009FFFFB /* Resources */,
				84DBF5E58D7CB90C7445FB7A /* [CP] Embed Pods Frameworks */,
				15BC0C0C19139751829693F1 /* [CP] Copy Pods Resources */,
			);
			buildRules = (
			);
			dependencies = (
			);
			name = HiFootball2017;
			productName = HiFootball2017;
			productReference = 217DBEED1F4D49A3009FFFFB /* HiFootball2017.app */;
			productType = "com.apple.product-type.application";
		};
/* End PBXNativeTarget section */

/* Begin PBXProject section */
		217DBEE51F4D49A3009FFFFB /* Project object */ = {
			isa = PBXProject;
			attributes = {
				LastUpgradeCheck = 0720;
				ORGANIZATIONNAME = joyceshen;
				TargetAttributes = {
					217DBEEC1F4D49A3009FFFFB = {
						CreatedOnToolsVersion = 7.2;
						DevelopmentTeam = B489NVYE6Z;
					};
				};
			};
			buildConfigurationList = 217DBEE81F4D49A3009FFFFB /* Build configuration list for PBXProject "HiFootball2017" */;
			compatibilityVersion = "Xcode 3.2";
			developmentRegion = English;
			hasScannedForEncodings = 0;
			knownRegions = (
				en,
				Base,
			);
			mainGroup = 217DBEE41F4D49A3009FFFFB;
			productRefGroup = 217DBEEE1F4D49A3009FFFFB /* Products */;
			projectDirPath = "";
			projectRoot = "";
			targets = (
				217DBEEC1F4D49A3009FFFFB /* HiFootball2017 */,
			);
		};
/* End PBXProject section */

/* Begin PBXResourcesBuildPhase section */
		217DBEEB1F4D49A3009FFFFB /* Resources */ = {
			isa = PBXResourcesBuildPhase;
			buildActionMask = 2147483647;
			files = (
				217DBF001F4D49A3009FFFFB /* LaunchScreen.storyboard in Resources */,
				217DBEFD1F4D49A3009FFFFB /* Assets.xcassets in Resources */,
				217DBEFB1F4D49A3009FFFFB /* Main.storyboard in Resources */,
			);
			runOnlyForDeploymentPostprocessing = 0;
		};
/* End PBXResourcesBuildPhase section */

/* Begin PBXShellScriptBuildPhase section */
		15BC0C0C19139751829693F1 /* [CP] Copy Pods Resources */ = {
			isa = PBXShellScriptBuildPhase;
			buildActionMask = 2147483647;
			files = (
			);
			inputPaths = (
			);
			name = "[CP] Copy Pods Resources";
			outputPaths = (
			);
			runOnlyForDeploymentPostprocessing = 0;
			shellPath = /bin/sh;
			shellScript = "\"${SRCROOT}/Pods/Target Support Files/Pods-HiFootball2017/Pods-HiFootball2017-resources.sh\"\n";
			showEnvVarsInLog = 0;
		};
		84DBF5E58D7CB90C7445FB7A /* [CP] Embed Pods Frameworks */ = {
			isa = PBXShellScriptBuildPhase;
			buildActionMask = 2147483647;
			files = (
			);
			inputPaths = (
			);
			name = "[CP] Embed Pods Frameworks";
			outputPaths = (
			);
			runOnlyForDeploymentPostprocessing = 0;
			shellPath = /bin/sh;
			shellScript = "\"${SRCROOT}/Pods/Target Support Files/Pods-HiFootball2017/Pods-HiFootball2017-frameworks.sh\"\n";
			showEnvVarsInLog = 0;
		};
		A6B60651ABD1A59B6D4E6F71 /* [CP] Check Pods Manifest.lock */ = {
			isa = PBXShellScriptBuildPhase;
			buildActionMask = 2147483647;
			files = (
			);
			inputPaths = (
				"${PODS_PODFILE_DIR_PATH}/Podfile.lock",
				"${PODS_ROOT}/Manifest.lock",
			);
			name = "[CP] Check Pods Manifest.lock";
			outputPaths = (
				"$(DERIVED_FILE_DIR)/Pods-HiFootball2017-checkManifestLockResult.txt",
			);
			runOnlyForDeploymentPostprocessing = 0;
			shellPath = /bin/sh;
			shellScript = "diff \"${PODS_PODFILE_DIR_PATH}/Podfile.lock\" \"${PODS_ROOT}/Manifest.lock\" > /dev/null\nif [ $? != 0 ] ; then\n    # print error to STDERR\n    echo \"error: The sandbox is not in sync with the Podfile.lock. Run 'pod install' or update your CocoaPods installation.\" >&2\n    exit 1\nfi\n# This output is used by Xcode 'outputs' to avoid re-running this script phase.\necho \"SUCCESS\" > \"${SCRIPT_OUTPUT_FILE_0}\"\n";
			showEnvVarsInLog = 0;
		};
/* End PBXShellScriptBuildPhase section */

/* Begin PBXSourcesBuildPhase section */
		217DBEE91F4D49A3009FFFFB /* Sources */ = {
			isa = PBXSourcesBuildPhase;
			buildActionMask = 2147483647;
			files = (
				217DBEF81F4D49A3009FFFFB /* ViewController.m in Sources */,
				217DBEF51F4D49A3009FFFFB /* AppDelegate.m in Sources */,
				217DBEF21F4D49A3009FFFFB /* main.m in Sources */,
			);
			runOnlyForDeploymentPostprocessing = 0;
		};
/* End PBXSourcesBuildPhase section */

/* Begin PBXVariantGroup section */
		217DBEF91F4D49A3009FFFFB /* Main.storyboard */ = {
			isa = PBXVariantGroup;
			children = (
				217DBEFA1F4D49A3009FFFFB /* Base */,
			);
			name = Main.storyboard;
			sourceTree = "<group>";
		};
		217DBEFE1F4D49A3009FFFFB /* LaunchScreen.storyboard */ = {
			isa = PBXVariantGroup;
			children = (
				217DBEFF1F4D49A3009FFFFB /* Base */,
			);
			name = LaunchScreen.storyboard;
			sourceTree = "<group>";
		};
/* End PBXVariantGroup section */

/* Begin XCBuildConfiguration section */
		217DBF021F4D49A3009FFFFB /* Debug */ = {
			isa = XCBuildConfiguration;
			buildSettings = {
				ALWAYS_SEARCH_USER_PATHS = NO;
				CLANG_CXX_LANGUAGE_STANDARD = "gnu++0x";
				CLANG_CXX_LIBRARY = "libc++";
				CLANG_ENABLE_MODULES = YES;
				CLANG_ENABLE_OBJC_ARC = YES;
				CLANG_WARN_BOOL_CONVERSION = YES;
				CLANG_WARN_CONSTANT_CONVERSION = YES;
				CLANG_WARN_DIRECT_OBJC_ISA_USAGE = YES_ERROR;
				CLANG_WARN_EMPTY_BODY = YES;
				CLANG_WARN_ENUM_CONVERSION = YES;
				CLANG_WARN_INT_CONVERSION = YES;
				CLANG_WARN_OBJC_ROOT_CLASS = YES_ERROR;
				CLANG_WARN_UNREACHABLE_CODE = YES;
				CLANG_WARN__DUPLICATE_METHOD_MATCH = YES;
				"CODE_SIGN_IDENTITY[sdk=iphoneos*]" = "iPhone Developer";
				COPY_PHASE_STRIP = NO;
				DEBUG_INFORMATION_FORMAT = dwarf;
				ENABLE_STRICT_OBJC_MSGSEND = YES;
				ENABLE_TESTABILITY = YES;
				GCC_C_LANGUAGE_STANDARD = gnu99;
				GCC_DYNAMIC_NO_PIC = NO;
				GCC_NO_COMMON_BLOCKS = YES;
				GCC_OPTIMIZATION_LEVEL = 0;
				GCC_PREPROCESSOR_DEFINITIONS = (
					"DEBUG=1",
					"$(inherited)",
				);
				GCC_WARN_64_TO_32_BIT_CONVERSION = YES;
				GCC_WARN_ABOUT_RETURN_TYPE = YES_ERROR;
				GCC_WARN_UNDECLARED_SELECTOR = YES;
				GCC_WARN_UNINITIALIZED_AUTOS = YES_AGGRESSIVE;
				GCC_WARN_UNUSED_FUNCTION = YES;
				GCC_WARN_UNUSED_VARIABLE = YES;
				IPHONEOS_DEPLOYMENT_TARGET = 9.2;
				MTL_ENABLE_DEBUG_INFO = YES;
				ONLY_ACTIVE_ARCH = YES;
				SDKROOT = iphoneos;
			};
			name = Debug;
		};
		217DBF031F4D49A3009FFFFB /* Release */ = {
			isa = XCBuildConfiguration;
			buildSettings = {
				ALWAYS_SEARCH_USER_PATHS = NO;
				CLANG_CXX_LANGUAGE_STANDARD = "gnu++0x";
				CLANG_CXX_LIBRARY = "libc++";
				CLANG_ENABLE_MODULES = YES;
				CLANG_ENABLE_OBJC_ARC = YES;
				CLANG_WARN_BOOL_CONVERSION = YES;
				CLANG_WARN_CONSTANT_CONVERSION = YES;
				CLANG_WARN_DIRECT_OBJC_ISA_USAGE = YES_ERROR;
				CLANG_WARN_EMPTY_BODY = YES;
				CLANG_WARN_ENUM_CONVERSION = YES;
				CLANG_WARN_INT_CONVERSION = YES;
				CLANG_WARN_OBJC_ROOT_CLASS = YES_ERROR;
				CLANG_WARN_UNREACHABLE_CODE = YES;
				CLANG_WARN__DUPLICATE_METHOD_MATCH = YES;
				"CODE_SIGN_IDENTITY[sdk=iphoneos*]" = "iPhone Developer";
				COPY_PHASE_STRIP = NO;
				DEBUG_INFORMATION_FORMAT = "dwarf-with-dsym";
				ENABLE_NS_ASSERTIONS = NO;
				ENABLE_STRICT_OBJC_MSGSEND = YES;
				GCC_C_LANGUAGE_STANDARD = gnu99;
				GCC_NO_COMMON_BLOCKS = YES;
				GCC_WARN_64_TO_32_BIT_CONVERSION = YES;
				GCC_WARN_ABOUT_RETURN_TYPE = YES_ERROR;
				GCC_WARN_UNDECLARED_SELECTOR = YES;
				GCC_WARN_UNINITIALIZED_AUTOS = YES_AGGRESSIVE;
				GCC_WARN_UNUSED_FUNCTION = YES;
				GCC_WARN_UNUSED_VARIABLE = YES;
				IPHONEOS_DEPLOYMENT_TARGET = 9.2;
				MTL_ENABLE_DEBUG_INFO = NO;
				SDKROOT = iphoneos;
				VALIDATE_PRODUCT = YES;
			};
			name = Release;
		};
		217DBF051F4D49A3009FFFFB /* Debug */ = {
			isa = XCBuildConfiguration;
			baseConfigurationReference = EF4B554669F2792473FF91DF /* Pods-HiFootball2017.debug.xcconfig */;
			buildSettings = {
				ASSETCATALOG_COMPILER_APPICON_NAME = AppIcon;
				INFOPLIST_FILE = HiFootball2017/Info.plist;
				LD_RUNPATH_SEARCH_PATHS = "$(inherited) @executable_path/Frameworks";
				PRODUCT_BUNDLE_IDENTIFIER = NV.HiFootball2017;
				PRODUCT_NAME = "$(TARGET_NAME)";
			};
			name = Debug;
		};
		217DBF061F4D49A3009FFFFB /* Release */ = {
			isa = XCBuildConfiguration;
			baseConfigurationReference = 1C366BE28CB16A119E14D70C /* Pods-HiFootball2017.release.xcconfig */;
			buildSettings = {
				ASSETCATALOG_COMPILER_APPICON_NAME = AppIcon;
				INFOPLIST_FILE = HiFootball2017/Info.plist;
				LD_RUNPATH_SEARCH_PATHS = "$(inherited) @executable_path/Frameworks";
				PRODUCT_BUNDLE_IDENTIFIER = NV.HiFootball2017;
				PRODUCT_NAME = "$(TARGET_NAME)";
			};
			name = Release;
		};
/* End XCBuildConfiguration section */

/* Begin XCConfigurationList section */
		217DBEE81F4D49A3009FFFFB /* Build configuration list for PBXProject "HiFootball2017" */ = {
			isa = XCConfigurationList;
			buildConfigurations = (
				217DBF021F4D49A3009FFFFB /* Debug */,
				217DBF031F4D49A3009FFFFB /* Release */,
			);
			defaultConfigurationIsVisible = 0;
			defaultConfigurationName = Release;
		};
		217DBF041F4D49A3009FFFFB /* Build configuration list for PBXNativeTarget "HiFootball2017" */ = {
			isa = XCConfigurationList;
			buildConfigurations = (
				217DBF051F4D49A3009FFFFB /* Debug */,
				217DBF061F4D49A3009FFFFB /* Release */,
			);
			defaultConfigurationIsVisible = 0;
		};
/* End XCConfigurationList section */
	};
	rootObject = 217DBEE51F4D49A3009FFFFB /* Project object */;
}
