// !$*UTF8*$!
{
	archiveVersion = 1;
	classes = {
	};
	objectVersion = 46;
	objects = {

/* Begin PBXBuildFile section */
		217FA6571F468C3B00349F60 /* main.m in Sources */ = {isa = PBXBuildFile; fileRef = 217FA6561F468C3B00349F60 /* main.m */; };
		217FA65A1F468C3B00349F60 /* AppDelegate.m in Sources */ = {isa = PBXBuildFile; fileRef = 217FA6591F468C3B00349F60 /* AppDelegate.m */; };
		217FA65D1F468C3B00349F60 /* ViewController.m in Sources */ = {isa = PBXBuildFile; fileRef = 217FA65C1F468C3B00349F60 /* ViewController.m */; };
		217FA6601F468C3B00349F60 /* Main.storyboard in Resources */ = {isa = PBXBuildFile; fileRef = 217FA65E1F468C3B00349F60 /* Main.storyboard */; };
		217FA6621F468C3B00349F60 /* Assets.xcassets in Resources */ = {isa = PBXBuildFile; fileRef = 217FA6611F468C3B00349F60 /* Assets.xcassets */; };
		217FA6651F468C3B00349F60 /* LaunchScreen.storyboard in Resources */ = {isa = PBXBuildFile; fileRef = 217FA6631F468C3B00349F60 /* LaunchScreen.storyboard */; };
/* End PBXBuildFile section */

/* Begin PBXFileReference section */
		217FA6521F468C3B00349F60 /* HiFootball2017.app */ = {isa = PBXFileReference; explicitFileType = wrapper.application; includeInIndex = 0; path = HiFootball2017.app; sourceTree = BUILT_PRODUCTS_DIR; };
		217FA6561F468C3B00349F60 /* main.m */ = {isa = PBXFileReference; lastKnownFileType = sourcecode.c.objc; path = main.m; sourceTree = "<group>"; };
		217FA6581F468C3B00349F60 /* AppDelegate.h */ = {isa = PBXFileReference; lastKnownFileType = sourcecode.c.h; path = AppDelegate.h; sourceTree = "<group>"; };
		217FA6591F468C3B00349F60 /* AppDelegate.m */ = {isa = PBXFileReference; lastKnownFileType = sourcecode.c.objc; path = AppDelegate.m; sourceTree = "<group>"; };
		217FA65B1F468C3B00349F60 /* ViewController.h */ = {isa = PBXFileReference; lastKnownFileType = sourcecode.c.h; path = ViewController.h; sourceTree = "<group>"; };
		217FA65C1F468C3B00349F60 /* ViewController.m */ = {isa = PBXFileReference; lastKnownFileType = sourcecode.c.objc; path = ViewController.m; sourceTree = "<group>"; };
		217FA65F1F468C3B00349F60 /* Base */ = {isa = PBXFileReference; lastKnownFileType = file.storyboard; name = Base; path = Base.lproj/Main.storyboard; sourceTree = "<group>"; };
		217FA6611F468C3B00349F60 /* Assets.xcassets */ = {isa = PBXFileReference; lastKnownFileType = folder.assetcatalog; path = Assets.xcassets; sourceTree = "<group>"; };
		217FA6641F468C3B00349F60 /* Base */ = {isa = PBXFileReference; lastKnownFileType = file.storyboard; name = Base; path = Base.lproj/LaunchScreen.storyboard; sourceTree = "<group>"; };
		217FA6661F468C3B00349F60 /* Info.plist */ = {isa = PBXFileReference; lastKnownFileType = text.plist.xml; path = Info.plist; sourceTree = "<group>"; };
/* End PBXFileReference section */

/* Begin PBXFrameworksBuildPhase section */
		217FA64F1F468C3B00349F60 /* Frameworks */ = {
			isa = PBXFrameworksBuildPhase;
			buildActionMask = 2147483647;
			files = (
			);
			runOnlyForDeploymentPostprocessing = 0;
		};
/* End PBXFrameworksBuildPhase section */

/* Begin PBXGroup section */
		217FA6491F468C3B00349F60 = {
			isa = PBXGroup;
			children = (
				217FA6541F468C3B00349F60 /* HiFootball2017 */,
				217FA6531F468C3B00349F60 /* Products */,
			);
			sourceTree = "<group>";
		};
		217FA6531F468C3B00349F60 /* Products */ = {
			isa = PBXGroup;
			children = (
				217FA6521F468C3B00349F60 /* HiFootball2017.app */,
			);
			name = Products;
			sourceTree = "<group>";
		};
		217FA6541F468C3B00349F60 /* HiFootball2017 */ = {
			isa = PBXGroup;
			children = (
				217FA6581F468C3B00349F60 /* AppDelegate.h */,
				217FA6591F468C3B00349F60 /* AppDelegate.m */,
				217FA65B1F468C3B00349F60 /* ViewController.h */,
				217FA65C1F468C3B00349F60 /* ViewController.m */,
				217FA65E1F468C3B00349F60 /* Main.storyboard */,
				217FA6611F468C3B00349F60 /* Assets.xcassets */,
				217FA6631F468C3B00349F60 /* LaunchScreen.storyboard */,
				217FA6661F468C3B00349F60 /* Info.plist */,
				217FA6551F468C3B00349F60 /* Supporting Files */,
			);
			path = HiFootball2017;
			sourceTree = "<group>";
		};
		217FA6551F468C3B00349F60 /* Supporting Files */ = {
			isa = PBXGroup;
			children = (
				217FA6561F468C3B00349F60 /* main.m */,
			);
			name = "Supporting Files";
			sourceTree = "<group>";
		};
/* End PBXGroup section */

/* Begin PBXNativeTarget section */
		217FA6511F468C3B00349F60 /* HiFootball2017 */ = {
			isa = PBXNativeTarget;
			buildConfigurationList = 217FA6691F468C3B00349F60 /* Build configuration list for PBXNativeTarget "HiFootball2017" */;
			buildPhases = (
				217FA64E1F468C3B00349F60 /* Sources */,
				217FA64F1F468C3B00349F60 /* Frameworks */,
				217FA6501F468C3B00349F60 /* Resources */,
			);
			buildRules = (
			);
			dependencies = (
			);
			name = HiFootball2017;
			productName = HiFootball2017;
			productReference = 217FA6521F468C3B00349F60 /* HiFootball2017.app */;
			productType = "com.apple.product-type.application";
		};
/* End PBXNativeTarget section */

/* Begin PBXProject section */
		217FA64A1F468C3B00349F60 /* Project object */ = {
			isa = PBXProject;
			attributes = {
				LastUpgradeCheck = 0720;
				ORGANIZATIONNAME = joyceshen;
				TargetAttributes = {
					217FA6511F468C3B00349F60 = {
						CreatedOnToolsVersion = 7.2;
						DevelopmentTeam = B489NVYE6Z;
					};
				};
			};
			buildConfigurationList = 217FA64D1F468C3B00349F60 /* Build configuration list for PBXProject "HiFootball2017" */;
			compatibilityVersion = "Xcode 3.2";
			developmentRegion = English;
			hasScannedForEncodings = 0;
			knownRegions = (
				en,
				Base,
			);
			mainGroup = 217FA6491F468C3B00349F60;
			productRefGroup = 217FA6531F468C3B00349F60 /* Products */;
			projectDirPath = "";
			projectRoot = "";
			targets = (
				217FA6511F468C3B00349F60 /* HiFootball2017 */,
			);
		};
/* End PBXProject section */

/* Begin PBXResourcesBuildPhase section */
		217FA6501F468C3B00349F60 /* Resources */ = {
			isa = PBXResourcesBuildPhase;
			buildActionMask = 2147483647;
			files = (
				217FA6651F468C3B00349F60 /* LaunchScreen.storyboard in Resources */,
				217FA6621F468C3B00349F60 /* Assets.xcassets in Resources */,
				217FA6601F468C3B00349F60 /* Main.storyboard in Resources */,
			);
			runOnlyForDeploymentPostprocessing = 0;
		};
/* End PBXResourcesBuildPhase section */

/* Begin PBXSourcesBuildPhase section */
		217FA64E1F468C3B00349F60 /* Sources */ = {
			isa = PBXSourcesBuildPhase;
			buildActionMask = 2147483647;
			files = (
				217FA65D1F468C3B00349F60 /* ViewController.m in Sources */,
				217FA65A1F468C3B00349F60 /* AppDelegate.m in Sources */,
				217FA6571F468C3B00349F60 /* main.m in Sources */,
			);
			runOnlyForDeploymentPostprocessing = 0;
		};
/* End PBXSourcesBuildPhase section */

/* Begin PBXVariantGroup section */
		217FA65E1F468C3B00349F60 /* Main.storyboard */ = {
			isa = PBXVariantGroup;
			children = (
				217FA65F1F468C3B00349F60 /* Base */,
			);
			name = Main.storyboard;
			sourceTree = "<group>";
		};
		217FA6631F468C3B00349F60 /* LaunchScreen.storyboard */ = {
			isa = PBXVariantGroup;
			children = (
				217FA6641F468C3B00349F60 /* Base */,
			);
			name = LaunchScreen.storyboard;
			sourceTree = "<group>";
		};
/* End PBXVariantGroup section */

/* Begin XCBuildConfiguration section */
		217FA6671F468C3B00349F60 /* Debug */ = {
			isa = XCBuildConfiguration;
			buildSettings = {
				ALWAYS_SEARCH_USER_PATHS = NO;
				CLANG_CXX_LANGUAGE_STANDARD = "gnu++0x";
				CLANG_CXX_LIBRARY = "libc++";
				CLANG_ENABLE_MODULES = YES;
				CLANG_ENABLE_OBJC_ARC = YES;
				CLANG_WARN_BOOL_CONVERSION = YES;
				CLANG_WARN_CONSTANT_CONVERSION = YES;
				CLANG_WARN_DIRECT_OBJC_ISA_USAGE = YES_ERROR;
				CLANG_WARN_EMPTY_BODY = YES;
				CLANG_WARN_ENUM_CONVERSION = YES;
				CLANG_WARN_INT_CONVERSION = YES;
				CLANG_WARN_OBJC_ROOT_CLASS = YES_ERROR;
				CLANG_WARN_UNREACHABLE_CODE = YES;
				CLANG_WARN__DUPLICATE_METHOD_MATCH = YES;
				"CODE_SIGN_IDENTITY[sdk=iphoneos*]" = "iPhone Developer";
				COPY_PHASE_STRIP = NO;
				DEBUG_INFORMATION_FORMAT = dwarf;
				ENABLE_STRICT_OBJC_MSGSEND = YES;
				ENABLE_TESTABILITY = YES;
				GCC_C_LANGUAGE_STANDARD = gnu99;
				GCC_DYNAMIC_NO_PIC = NO;
				GCC_NO_COMMON_BLOCKS = YES;
				GCC_OPTIMIZATION_LEVEL = 0;
				GCC_PREPROCESSOR_DEFINITIONS = (
					"DEBUG=1",
					"$(inherited)",
				);
				GCC_WARN_64_TO_32_BIT_CONVERSION = YES;
				GCC_WARN_ABOUT_RETURN_TYPE = YES_ERROR;
				GCC_WARN_UNDECLARED_SELECTOR = YES;
				GCC_WARN_UNINITIALIZED_AUTOS = YES_AGGRESSIVE;
				GCC_WARN_UNUSED_FUNCTION = YES;
				GCC_WARN_UNUSED_VARIABLE = YES;
				IPHONEOS_DEPLOYMENT_TARGET = 9.2;
				MTL_ENABLE_DEBUG_INFO = YES;
				ONLY_ACTIVE_ARCH = YES;
				SDKROOT = iphoneos;
			};
			name = Debug;
		};
		217FA6681F468C3B00349F60 /* Release */ = {
			isa = XCBuildConfiguration;
			buildSettings = {
				ALWAYS_SEARCH_USER_PATHS = NO;
				CLANG_CXX_LANGUAGE_STANDARD = "gnu++0x";
				CLANG_CXX_LIBRARY = "libc++";
				CLANG_ENABLE_MODULES = YES;
				CLANG_ENABLE_OBJC_ARC = YES;
				CLANG_WARN_BOOL_CONVERSION = YES;
				CLANG_WARN_CONSTANT_CONVERSION = YES;
				CLANG_WARN_DIRECT_OBJC_ISA_USAGE = YES_ERROR;
				CLANG_WARN_EMPTY_BODY = YES;
				CLANG_WARN_ENUM_CONVERSION = YES;
				CLANG_WARN_INT_CONVERSION = YES;
				CLANG_WARN_OBJC_ROOT_CLASS = YES_ERROR;
				CLANG_WARN_UNREACHABLE_CODE = YES;
				CLANG_WARN__DUPLICATE_METHOD_MATCH = YES;
				"CODE_SIGN_IDENTITY[sdk=iphoneos*]" = "iPhone Developer";
				COPY_PHASE_STRIP = NO;
				DEBUG_INFORMATION_FORMAT = "dwarf-with-dsym";
				ENABLE_NS_ASSERTIONS = NO;
				ENABLE_STRICT_OBJC_MSGSEND = YES;
				GCC_C_LANGUAGE_STANDARD = gnu99;
				GCC_NO_COMMON_BLOCKS = YES;
				GCC_WARN_64_TO_32_BIT_CONVERSION = YES;
				GCC_WARN_ABOUT_RETURN_TYPE = YES_ERROR;
				GCC_WARN_UNDECLARED_SELECTOR = YES;
				GCC_WARN_UNINITIALIZED_AUTOS = YES_AGGRESSIVE;
				GCC_WARN_UNUSED_FUNCTION = YES;
				GCC_WARN_UNUSED_VARIABLE = YES;
				IPHONEOS_DEPLOYMENT_TARGET = 9.2;
				MTL_ENABLE_DEBUG_INFO = NO;
				SDKROOT = iphoneos;
				VALIDATE_PRODUCT = YES;
			};
			name = Release;
		};
		217FA66A1F468C3B00349F60 /* Debug */ = {
			isa = XCBuildConfiguration;
			buildSettings = {
				ASSETCATALOG_COMPILER_APPICON_NAME = AppIcon;
				INFOPLIST_FILE = HiFootball2017/Info.plist;
				LD_RUNPATH_SEARCH_PATHS = "$(inherited) @executable_path/Frameworks";
				PRODUCT_BUNDLE_IDENTIFIER = NV.HiFootball2017;
				PRODUCT_NAME = "$(TARGET_NAME)";
			};
			name = Debug;
		};
		217FA66B1F468C3B00349F60 /* Release */ = {
			isa = XCBuildConfiguration;
			buildSettings = {
				ASSETCATALOG_COMPILER_APPICON_NAME = AppIcon;
				INFOPLIST_FILE = HiFootball2017/Info.plist;
				LD_RUNPATH_SEARCH_PATHS = "$(inherited) @executable_path/Frameworks";
				PRODUCT_BUNDLE_IDENTIFIER = NV.HiFootball2017;
				PRODUCT_NAME = "$(TARGET_NAME)";
			};
			name = Release;
		};
/* End XCBuildConfiguration section */

/* Begin XCConfigurationList section */
		217FA64D1F468C3B00349F60 /* Build configuration list for PBXProject "HiFootball2017" */ = {
			isa = XCConfigurationList;
			buildConfigurations = (
				217FA6671F468C3B00349F60 /* Debug */,
				217FA6681F468C3B00349F60 /* Release */,
			);
			defaultConfigurationIsVisible = 0;
			defaultConfigurationName = Release;
		};
		217FA6691F468C3B00349F60 /* Build configuration list for PBXNativeTarget "HiFootball2017" */ = {
			isa = XCConfigurationList;
			buildConfigurations = (
				217FA66A1F468C3B00349F60 /* Debug */,
				217FA66B1F468C3B00349F60 /* Release */,
			);
			defaultConfigurationIsVisible = 0;
		};
/* End XCConfigurationList section */
	};
	rootObject = 217FA64A1F468C3B00349F60 /* Project object */;
}
